<<<<<<< HEAD
﻿
Microsoft Visual Studio Solution File, Format Version 12.00
# Visual Studio 15
Project("{FAE04EC0-301F-11D3-BF4B-00C04F79EFBC}") = "NavMeshComponentsExamples", "NavMeshComponentsExamples.csproj", "{0BD0501E-5032-C7AB-0255-816E4A347ADD}"
EndProject
Project("{FAE04EC0-301F-11D3-BF4B-00C04F79EFBC}") = "Assembly-CSharp", "Assembly-CSharp.csproj", "{C3D51919-1DE5-8ADE-7C4B-664FB82EE9A1}"
EndProject
Project("{FAE04EC0-301F-11D3-BF4B-00C04F79EFBC}") = "NavMeshComponents", "NavMeshComponents.csproj", "{4652C709-6E20-2567-4323-2615DD1D2D2E}"
EndProject
Project("{FAE04EC0-301F-11D3-BF4B-00C04F79EFBC}") = "NavMeshComponentsTestsPlaymode", "NavMeshComponentsTestsPlaymode.csproj", "{9814BB34-4A84-F98C-A01F-C0F1A905E531}"
EndProject
Project("{FAE04EC0-301F-11D3-BF4B-00C04F79EFBC}") = "NavMeshComponentsEditor", "NavMeshComponentsEditor.csproj", "{43823EA2-D345-E9EA-6D5F-989720DF8541}"
EndProject
Project("{FAE04EC0-301F-11D3-BF4B-00C04F79EFBC}") = "NavMeshComponentsTestsEditmode", "NavMeshComponentsTestsEditmode.csproj", "{70FDFC62-7571-6D75-4131-333FB0062DDD}"
EndProject
Project("{FAE04EC0-301F-11D3-BF4B-00C04F79EFBC}") = "Assembly-CSharp-Editor", "Assembly-CSharp-Editor.csproj", "{F39F9BC3-D432-5F2C-4E1A-F110876354BF}"
EndProject
Project("{FAE04EC0-301F-11D3-BF4B-00C04F79EFBC}") = "NavMeshComponentsExamplesEditor", "NavMeshComponentsExamplesEditor.csproj", "{B14D598F-C94C-60F7-8688-2ADEC3AA1034}"
EndProject
Global
	GlobalSection(SolutionConfigurationPlatforms) = preSolution
		Debug|Any CPU = Debug|Any CPU
		Release|Any CPU = Release|Any CPU
	EndGlobalSection
	GlobalSection(ProjectConfigurationPlatforms) = postSolution
		{0BD0501E-5032-C7AB-0255-816E4A347ADD}.Debug|Any CPU.ActiveCfg = Debug|Any CPU
		{0BD0501E-5032-C7AB-0255-816E4A347ADD}.Debug|Any CPU.Build.0 = Debug|Any CPU
		{0BD0501E-5032-C7AB-0255-816E4A347ADD}.Release|Any CPU.ActiveCfg = Release|Any CPU
		{0BD0501E-5032-C7AB-0255-816E4A347ADD}.Release|Any CPU.Build.0 = Release|Any CPU
		{C3D51919-1DE5-8ADE-7C4B-664FB82EE9A1}.Debug|Any CPU.ActiveCfg = Debug|Any CPU
		{C3D51919-1DE5-8ADE-7C4B-664FB82EE9A1}.Debug|Any CPU.Build.0 = Debug|Any CPU
		{C3D51919-1DE5-8ADE-7C4B-664FB82EE9A1}.Release|Any CPU.ActiveCfg = Release|Any CPU
		{C3D51919-1DE5-8ADE-7C4B-664FB82EE9A1}.Release|Any CPU.Build.0 = Release|Any CPU
		{4652C709-6E20-2567-4323-2615DD1D2D2E}.Debug|Any CPU.ActiveCfg = Debug|Any CPU
		{4652C709-6E20-2567-4323-2615DD1D2D2E}.Debug|Any CPU.Build.0 = Debug|Any CPU
		{4652C709-6E20-2567-4323-2615DD1D2D2E}.Release|Any CPU.ActiveCfg = Release|Any CPU
		{4652C709-6E20-2567-4323-2615DD1D2D2E}.Release|Any CPU.Build.0 = Release|Any CPU
		{9814BB34-4A84-F98C-A01F-C0F1A905E531}.Debug|Any CPU.ActiveCfg = Debug|Any CPU
		{9814BB34-4A84-F98C-A01F-C0F1A905E531}.Debug|Any CPU.Build.0 = Debug|Any CPU
		{9814BB34-4A84-F98C-A01F-C0F1A905E531}.Release|Any CPU.ActiveCfg = Release|Any CPU
		{9814BB34-4A84-F98C-A01F-C0F1A905E531}.Release|Any CPU.Build.0 = Release|Any CPU
		{43823EA2-D345-E9EA-6D5F-989720DF8541}.Debug|Any CPU.ActiveCfg = Debug|Any CPU
		{43823EA2-D345-E9EA-6D5F-989720DF8541}.Debug|Any CPU.Build.0 = Debug|Any CPU
		{43823EA2-D345-E9EA-6D5F-989720DF8541}.Release|Any CPU.ActiveCfg = Release|Any CPU
		{43823EA2-D345-E9EA-6D5F-989720DF8541}.Release|Any CPU.Build.0 = Release|Any CPU
		{70FDFC62-7571-6D75-4131-333FB0062DDD}.Debug|Any CPU.ActiveCfg = Debug|Any CPU
		{70FDFC62-7571-6D75-4131-333FB0062DDD}.Debug|Any CPU.Build.0 = Debug|Any CPU
		{70FDFC62-7571-6D75-4131-333FB0062DDD}.Release|Any CPU.ActiveCfg = Release|Any CPU
		{70FDFC62-7571-6D75-4131-333FB0062DDD}.Release|Any CPU.Build.0 = Release|Any CPU
		{F39F9BC3-D432-5F2C-4E1A-F110876354BF}.Debug|Any CPU.ActiveCfg = Debug|Any CPU
		{F39F9BC3-D432-5F2C-4E1A-F110876354BF}.Debug|Any CPU.Build.0 = Debug|Any CPU
		{F39F9BC3-D432-5F2C-4E1A-F110876354BF}.Release|Any CPU.ActiveCfg = Release|Any CPU
		{F39F9BC3-D432-5F2C-4E1A-F110876354BF}.Release|Any CPU.Build.0 = Release|Any CPU
		{B14D598F-C94C-60F7-8688-2ADEC3AA1034}.Debug|Any CPU.ActiveCfg = Debug|Any CPU
		{B14D598F-C94C-60F7-8688-2ADEC3AA1034}.Debug|Any CPU.Build.0 = Debug|Any CPU
		{B14D598F-C94C-60F7-8688-2ADEC3AA1034}.Release|Any CPU.ActiveCfg = Release|Any CPU
		{B14D598F-C94C-60F7-8688-2ADEC3AA1034}.Release|Any CPU.Build.0 = Release|Any CPU
	EndGlobalSection
	GlobalSection(SolutionProperties) = preSolution
		HideSolutionNode = FALSE
	EndGlobalSection
	GlobalSection(MonoDevelopProperties) = preSolution
		StartupItem = Assembly-CSharp.csproj
	EndGlobalSection
EndGlobal
=======
﻿
Microsoft Visual Studio Solution File, Format Version 11.00
# Visual Studio 2010
Project("{FAE04EC0-301F-11D3-BF4B-00C04F79EFBC}") = "NavMeshComponentsExamples", "NavMeshComponentsExamples.csproj", "{0BD0501E-5032-C7AB-0255-816E4A347ADD}"
EndProject
Project("{FAE04EC0-301F-11D3-BF4B-00C04F79EFBC}") = "Assembly-CSharp", "Assembly-CSharp.csproj", "{C3D51919-1DE5-8ADE-7C4B-664FB82EE9A1}"
EndProject
Project("{FAE04EC0-301F-11D3-BF4B-00C04F79EFBC}") = "NavMeshComponents", "NavMeshComponents.csproj", "{4652C709-6E20-2567-4323-2615DD1D2D2E}"
EndProject
Project("{FAE04EC0-301F-11D3-BF4B-00C04F79EFBC}") = "NavMeshComponentsTestsPlaymode", "NavMeshComponentsTestsPlaymode.csproj", "{9814BB34-4A84-F98C-A01F-C0F1A905E531}"
EndProject
Project("{FAE04EC0-301F-11D3-BF4B-00C04F79EFBC}") = "NavMeshComponentsEditor", "NavMeshComponentsEditor.csproj", "{43823EA2-D345-E9EA-6D5F-989720DF8541}"
EndProject
Project("{FAE04EC0-301F-11D3-BF4B-00C04F79EFBC}") = "NavMeshComponentsTestsEditmode", "NavMeshComponentsTestsEditmode.csproj", "{70FDFC62-7571-6D75-4131-333FB0062DDD}"
EndProject
Project("{FAE04EC0-301F-11D3-BF4B-00C04F79EFBC}") = "Assembly-CSharp-Editor", "Assembly-CSharp-Editor.csproj", "{F39F9BC3-D432-5F2C-4E1A-F110876354BF}"
EndProject
Project("{FAE04EC0-301F-11D3-BF4B-00C04F79EFBC}") = "NavMeshComponentsExamplesEditor", "NavMeshComponentsExamplesEditor.csproj", "{B14D598F-C94C-60F7-8688-2ADEC3AA1034}"
EndProject
Global
	GlobalSection(SolutionConfigurationPlatforms) = preSolution
		Debug|Any CPU = Debug|Any CPU
		Release|Any CPU = Release|Any CPU
	EndGlobalSection
	GlobalSection(ProjectConfigurationPlatforms) = postSolution
		{0BD0501E-5032-C7AB-0255-816E4A347ADD}.Debug|Any CPU.ActiveCfg = Debug|Any CPU
		{0BD0501E-5032-C7AB-0255-816E4A347ADD}.Debug|Any CPU.Build.0 = Debug|Any CPU
		{0BD0501E-5032-C7AB-0255-816E4A347ADD}.Release|Any CPU.ActiveCfg = Release|Any CPU
		{0BD0501E-5032-C7AB-0255-816E4A347ADD}.Release|Any CPU.Build.0 = Release|Any CPU
		{C3D51919-1DE5-8ADE-7C4B-664FB82EE9A1}.Debug|Any CPU.ActiveCfg = Debug|Any CPU
		{C3D51919-1DE5-8ADE-7C4B-664FB82EE9A1}.Debug|Any CPU.Build.0 = Debug|Any CPU
		{C3D51919-1DE5-8ADE-7C4B-664FB82EE9A1}.Release|Any CPU.ActiveCfg = Release|Any CPU
		{C3D51919-1DE5-8ADE-7C4B-664FB82EE9A1}.Release|Any CPU.Build.0 = Release|Any CPU
		{4652C709-6E20-2567-4323-2615DD1D2D2E}.Debug|Any CPU.ActiveCfg = Debug|Any CPU
		{4652C709-6E20-2567-4323-2615DD1D2D2E}.Debug|Any CPU.Build.0 = Debug|Any CPU
		{4652C709-6E20-2567-4323-2615DD1D2D2E}.Release|Any CPU.ActiveCfg = Release|Any CPU
		{4652C709-6E20-2567-4323-2615DD1D2D2E}.Release|Any CPU.Build.0 = Release|Any CPU
		{9814BB34-4A84-F98C-A01F-C0F1A905E531}.Debug|Any CPU.ActiveCfg = Debug|Any CPU
		{9814BB34-4A84-F98C-A01F-C0F1A905E531}.Debug|Any CPU.Build.0 = Debug|Any CPU
		{9814BB34-4A84-F98C-A01F-C0F1A905E531}.Release|Any CPU.ActiveCfg = Release|Any CPU
		{9814BB34-4A84-F98C-A01F-C0F1A905E531}.Release|Any CPU.Build.0 = Release|Any CPU
		{43823EA2-D345-E9EA-6D5F-989720DF8541}.Debug|Any CPU.ActiveCfg = Debug|Any CPU
		{43823EA2-D345-E9EA-6D5F-989720DF8541}.Debug|Any CPU.Build.0 = Debug|Any CPU
		{43823EA2-D345-E9EA-6D5F-989720DF8541}.Release|Any CPU.ActiveCfg = Release|Any CPU
		{43823EA2-D345-E9EA-6D5F-989720DF8541}.Release|Any CPU.Build.0 = Release|Any CPU
		{70FDFC62-7571-6D75-4131-333FB0062DDD}.Debug|Any CPU.ActiveCfg = Debug|Any CPU
		{70FDFC62-7571-6D75-4131-333FB0062DDD}.Debug|Any CPU.Build.0 = Debug|Any CPU
		{70FDFC62-7571-6D75-4131-333FB0062DDD}.Release|Any CPU.ActiveCfg = Release|Any CPU
		{70FDFC62-7571-6D75-4131-333FB0062DDD}.Release|Any CPU.Build.0 = Release|Any CPU
		{F39F9BC3-D432-5F2C-4E1A-F110876354BF}.Debug|Any CPU.ActiveCfg = Debug|Any CPU
		{F39F9BC3-D432-5F2C-4E1A-F110876354BF}.Debug|Any CPU.Build.0 = Debug|Any CPU
		{F39F9BC3-D432-5F2C-4E1A-F110876354BF}.Release|Any CPU.ActiveCfg = Release|Any CPU
		{F39F9BC3-D432-5F2C-4E1A-F110876354BF}.Release|Any CPU.Build.0 = Release|Any CPU
		{B14D598F-C94C-60F7-8688-2ADEC3AA1034}.Debug|Any CPU.ActiveCfg = Debug|Any CPU
		{B14D598F-C94C-60F7-8688-2ADEC3AA1034}.Debug|Any CPU.Build.0 = Debug|Any CPU
		{B14D598F-C94C-60F7-8688-2ADEC3AA1034}.Release|Any CPU.ActiveCfg = Release|Any CPU
		{B14D598F-C94C-60F7-8688-2ADEC3AA1034}.Release|Any CPU.Build.0 = Release|Any CPU
	EndGlobalSection
	GlobalSection(SolutionProperties) = preSolution
		HideSolutionNode = FALSE
	EndGlobalSection
	GlobalSection(MonoDevelopProperties) = preSolution
		StartupItem = Assembly-CSharp.csproj
	EndGlobalSection
EndGlobal
>>>>>>> master
